
Microsoft Visual Studio Solution File, Format Version 12.00
# Visual Studio 15
VisualStudioVersion = 15.0.28307.1062
MinimumVisualStudioVersion = 10.0.40219.1
Project("{159641D6-6404-4A2A-AE62-294DE0FE8301}") = "Gnosis.ETL.Reporte", "Gnosis.ETL.Reporte\Gnosis.ETL.Reporte.dtproj", "{0F67A5E9-489B-4FCB-9C60-E868CDB4CC6E}"
EndProject
Global
	GlobalSection(SolutionConfigurationPlatforms) = preSolution
		Development|Default = Development|Default
	EndGlobalSection
	GlobalSection(ProjectConfigurationPlatforms) = postSolution
		{0F67A5E9-489B-4FCB-9C60-E868CDB4CC6E}.Development|Default.ActiveCfg = Development
		{0F67A5E9-489B-4FCB-9C60-E868CDB4CC6E}.Development|Default.Build.0 = Development
	EndGlobalSection
	GlobalSection(SolutionProperties) = preSolution
		HideSolutionNode = FALSE
	EndGlobalSection
	GlobalSection(ExtensibilityGlobals) = postSolution
		SolutionGuid = {57CF9CF6-EBB1-4092-87BF-E6BA9597C690}
	EndGlobalSection
EndGlobal
